
Microsoft Visual Studio Solution File, Format Version 12.00
# Visual Studio Version 17
VisualStudioVersion = 17.8.34330.188
MinimumVisualStudioVersion = 10.0.40219.1
Project("{9A19103F-16F7-4668-BE54-9A1E7A4F7556}") = "GenericsPlayground", "GenericsPlayground\GenericsPlayground.csproj", "{47B733B2-F8BD-4290-A1A3-8C44AB83A805}"
EndProject
Project("{9A19103F-16F7-4668-BE54-9A1E7A4F7556}") = "Playground.Data", "PlaygroundData\Playground.Data.csproj", "{B918B030-EF60-467C-8E16-3A4EDC73E631}"
EndProject
Global
	GlobalSection(SolutionConfigurationPlatforms) = preSolution
		Debug|Any CPU = Debug|Any CPU
		Release|Any CPU = Release|Any CPU
	EndGlobalSection
	GlobalSection(ProjectConfigurationPlatforms) = postSolution
		{47B733B2-F8BD-4290-A1A3-8C44AB83A805}.Debug|Any CPU.ActiveCfg = Debug|Any CPU
		{47B733B2-F8BD-4290-A1A3-8C44AB83A805}.Debug|Any CPU.Build.0 = Debug|Any CPU
		{47B733B2-F8BD-4290-A1A3-8C44AB83A805}.Release|Any CPU.ActiveCfg = Release|Any CPU
		{47B733B2-F8BD-4290-A1A3-8C44AB83A805}.Release|Any CPU.Build.0 = Release|Any CPU
		{B918B030-EF60-467C-8E16-3A4EDC73E631}.Debug|Any CPU.ActiveCfg = Debug|Any CPU
		{B918B030-EF60-467C-8E16-3A4EDC73E631}.Debug|Any CPU.Build.0 = Debug|Any CPU
		{B918B030-EF60-467C-8E16-3A4EDC73E631}.Release|Any CPU.ActiveCfg = Release|Any CPU
		{B918B030-EF60-467C-8E16-3A4EDC73E631}.Release|Any CPU.Build.0 = Release|Any CPU
	EndGlobalSection
	GlobalSection(SolutionProperties) = preSolution
		HideSolutionNode = FALSE
	EndGlobalSection
	GlobalSection(ExtensibilityGlobals) = postSolution
		SolutionGuid = {C98A70F4-9397-44BC-998F-23EB36D3A719}
	EndGlobalSection
EndGlobal
